
Microsoft Visual Studio Solution File, Format Version 12.00
# Visual Studio Version 17
VisualStudioVersion = 17.8.34525.116
MinimumVisualStudioVersion = 10.0.40219.1
Project("{FAE04EC0-301F-11D3-BF4B-00C04F79EFBC}") = "Portafolio", "Portafolio.csproj", "{07F1F58A-2378-443F-9B2F-69CC3068076A}"
EndProject
Global
	GlobalSection(SolutionConfigurationPlatforms) = preSolution
		Debug|Any CPU = Debug|Any CPU
		Release|Any CPU = Release|Any CPU
	EndGlobalSection
	GlobalSection(ProjectConfigurationPlatforms) = postSolution
		{07F1F58A-2378-443F-9B2F-69CC3068076A}.Debug|Any CPU.ActiveCfg = Debug|Any CPU
		{07F1F58A-2378-443F-9B2F-69CC3068076A}.Debug|Any CPU.Build.0 = Debug|Any CPU
		{07F1F58A-2378-443F-9B2F-69CC3068076A}.Release|Any CPU.ActiveCfg = Release|Any CPU
		{07F1F58A-2378-443F-9B2F-69CC3068076A}.Release|Any CPU.Build.0 = Release|Any CPU
	EndGlobalSection
	GlobalSection(SolutionProperties) = preSolution
		HideSolutionNode = FALSE
	EndGlobalSection
	GlobalSection(ExtensibilityGlobals) = postSolution
		SolutionGuid = {2FBEAF79-51F9-4EEF-880A-ECA77EC1339F}
	EndGlobalSection
EndGlobal
